
Microsoft Visual Studio Solution File, Format Version 12.00
# Visual Studio Version 16
VisualStudioVersion = 16.0.30907.101
MinimumVisualStudioVersion = 10.0.40219.1
Project("{FAE04EC0-301F-11D3-BF4B-00C04F79EFBC}") = "NavigationApp", "NavigationApp\NavigationApp.csproj", "{864A0D17-D53B-4A86-96F3-5315704AECE0}"
EndProject
Global
	GlobalSection(SolutionConfigurationPlatforms) = preSolution
		Debug|Any CPU = Debug|Any CPU
		Release|Any CPU = Release|Any CPU
	EndGlobalSection
	GlobalSection(ProjectConfigurationPlatforms) = postSolution
		{864A0D17-D53B-4A86-96F3-5315704AECE0}.Debug|Any CPU.ActiveCfg = Debug|Any CPU
		{864A0D17-D53B-4A86-96F3-5315704AECE0}.Debug|Any CPU.Build.0 = Debug|Any CPU
		{864A0D17-D53B-4A86-96F3-5315704AECE0}.Release|Any CPU.ActiveCfg = Release|Any CPU
		{864A0D17-D53B-4A86-96F3-5315704AECE0}.Release|Any CPU.Build.0 = Release|Any CPU
	EndGlobalSection
	GlobalSection(SolutionProperties) = preSolution
		HideSolutionNode = FALSE
	EndGlobalSection
	GlobalSection(ExtensibilityGlobals) = postSolution
		SolutionGuid = {E5994BE3-317C-4914-A303-CEFE76D78AA4}
	EndGlobalSection
EndGlobal
